
Microsoft Visual Studio Solution File, Format Version 12.00
# Visual Studio Version 17
VisualStudioVersion = 17.7.34031.279
MinimumVisualStudioVersion = 10.0.40219.1
Project("{9A19103F-16F7-4668-BE54-9A1E7A4F7556}") = "HutechPM.Application", "HutechPM.Data\HutechPM.Application.csproj", "{464A8344-ADA7-4995-A522-3274B40C9D92}"
EndProject
Project("{9A19103F-16F7-4668-BE54-9A1E7A4F7556}") = "HutechPM.GUI", "HutechPM.UI\HutechPM.GUI.csproj", "{0F4692E4-7F7E-41DF-96D6-BB4C6CB4623F}"
EndProject
Project("{54435603-DBB4-11D2-8724-00A0C9A8B90C}") = "HutechPM.Setup", "HutechPM.Setup\HutechPM.Setup.vdproj", "{443697AE-5930-4061-A455-1C5B03BBED96}"
EndProject
Project("{2150E333-8FDC-42A3-9474-1A3956D46DE8}") = "Web Application", "Web Application", "{6581D74F-C21D-4A3E-BF7D-300BA3EA1FB2}"
EndProject
Project("{2150E333-8FDC-42A3-9474-1A3956D46DE8}") = "Window GUI", "Window GUI", "{30343E7B-484B-4BA3-B6C6-7DB372F0D5F5}"
EndProject
Project("{2150E333-8FDC-42A3-9474-1A3956D46DE8}") = "Core Infrastructure", "Core Infrastructure", "{91A72892-67C6-46CA-9EA7-F1E220ACFD06}"
EndProject
Project("{9A19103F-16F7-4668-BE54-9A1E7A4F7556}") = "HutechPM.WebClient", "HutechPM.WebClient\HutechPM.WebClient.csproj", "{283F7FF4-EF67-41A6-BF34-E9C4609F0348}"
EndProject
Project("{9A19103F-16F7-4668-BE54-9A1E7A4F7556}") = "HutechPM.Infrastructure", "HutechPM.Infrastructure\HutechPM.Infrastructure.csproj", "{87328A60-D4E8-4217-836F-3FBDAACBCE95}"
EndProject
Project("{9A19103F-16F7-4668-BE54-9A1E7A4F7556}") = "HutechPM.Domain", "HutechPM.Domain\HutechPM.Domain.csproj", "{BACFAAF4-1FBC-4875-AC91-11C58A44D81D}"
EndProject
Project("{2150E333-8FDC-42A3-9474-1A3956D46DE8}") = "Src", "Src", "{C9D73FCA-57F1-4879-B13C-7528A375A67D}"
EndProject
Project("{2150E333-8FDC-42A3-9474-1A3956D46DE8}") = "Solution Items", "Solution Items", "{00024844-4E04-43CE-A0B1-5D214B462831}"
	ProjectSection(SolutionItems) = preProject
		.gitignore = .gitignore
		HutechPM.drawio = HutechPM.drawio
		README.md = README.md
	EndProjectSection
EndProject
Global
	GlobalSection(SolutionConfigurationPlatforms) = preSolution
		Debug|Any CPU = Debug|Any CPU
		Release|Any CPU = Release|Any CPU
	EndGlobalSection
	GlobalSection(ProjectConfigurationPlatforms) = postSolution
		{464A8344-ADA7-4995-A522-3274B40C9D92}.Debug|Any CPU.ActiveCfg = Debug|Any CPU
		{464A8344-ADA7-4995-A522-3274B40C9D92}.Debug|Any CPU.Build.0 = Debug|Any CPU
		{464A8344-ADA7-4995-A522-3274B40C9D92}.Release|Any CPU.ActiveCfg = Release|Any CPU
		{464A8344-ADA7-4995-A522-3274B40C9D92}.Release|Any CPU.Build.0 = Release|Any CPU
		{0F4692E4-7F7E-41DF-96D6-BB4C6CB4623F}.Debug|Any CPU.ActiveCfg = Debug|Any CPU
		{0F4692E4-7F7E-41DF-96D6-BB4C6CB4623F}.Debug|Any CPU.Build.0 = Debug|Any CPU
		{0F4692E4-7F7E-41DF-96D6-BB4C6CB4623F}.Release|Any CPU.ActiveCfg = Release|Any CPU
		{0F4692E4-7F7E-41DF-96D6-BB4C6CB4623F}.Release|Any CPU.Build.0 = Release|Any CPU
		{443697AE-5930-4061-A455-1C5B03BBED96}.Debug|Any CPU.ActiveCfg = Debug
		{443697AE-5930-4061-A455-1C5B03BBED96}.Debug|Any CPU.Build.0 = Debug
		{443697AE-5930-4061-A455-1C5B03BBED96}.Release|Any CPU.ActiveCfg = Release
		{443697AE-5930-4061-A455-1C5B03BBED96}.Release|Any CPU.Build.0 = Release
		{283F7FF4-EF67-41A6-BF34-E9C4609F0348}.Debug|Any CPU.ActiveCfg = Debug|Any CPU
		{283F7FF4-EF67-41A6-BF34-E9C4609F0348}.Debug|Any CPU.Build.0 = Debug|Any CPU
		{283F7FF4-EF67-41A6-BF34-E9C4609F0348}.Release|Any CPU.ActiveCfg = Release|Any CPU
		{283F7FF4-EF67-41A6-BF34-E9C4609F0348}.Release|Any CPU.Build.0 = Release|Any CPU
		{87328A60-D4E8-4217-836F-3FBDAACBCE95}.Debug|Any CPU.ActiveCfg = Debug|Any CPU
		{87328A60-D4E8-4217-836F-3FBDAACBCE95}.Debug|Any CPU.Build.0 = Debug|Any CPU
		{87328A60-D4E8-4217-836F-3FBDAACBCE95}.Release|Any CPU.ActiveCfg = Release|Any CPU
		{87328A60-D4E8-4217-836F-3FBDAACBCE95}.Release|Any CPU.Build.0 = Release|Any CPU
		{BACFAAF4-1FBC-4875-AC91-11C58A44D81D}.Debug|Any CPU.ActiveCfg = Debug|Any CPU
		{BACFAAF4-1FBC-4875-AC91-11C58A44D81D}.Debug|Any CPU.Build.0 = Debug|Any CPU
		{BACFAAF4-1FBC-4875-AC91-11C58A44D81D}.Release|Any CPU.ActiveCfg = Release|Any CPU
		{BACFAAF4-1FBC-4875-AC91-11C58A44D81D}.Release|Any CPU.Build.0 = Release|Any CPU
	EndGlobalSection
	GlobalSection(SolutionProperties) = preSolution
		HideSolutionNode = FALSE
	EndGlobalSection
	GlobalSection(NestedProjects) = preSolution
		{464A8344-ADA7-4995-A522-3274B40C9D92} = {91A72892-67C6-46CA-9EA7-F1E220ACFD06}
		{0F4692E4-7F7E-41DF-96D6-BB4C6CB4623F} = {30343E7B-484B-4BA3-B6C6-7DB372F0D5F5}
		{443697AE-5930-4061-A455-1C5B03BBED96} = {30343E7B-484B-4BA3-B6C6-7DB372F0D5F5}
		{6581D74F-C21D-4A3E-BF7D-300BA3EA1FB2} = {C9D73FCA-57F1-4879-B13C-7528A375A67D}
		{30343E7B-484B-4BA3-B6C6-7DB372F0D5F5} = {C9D73FCA-57F1-4879-B13C-7528A375A67D}
		{91A72892-67C6-46CA-9EA7-F1E220ACFD06} = {C9D73FCA-57F1-4879-B13C-7528A375A67D}
		{283F7FF4-EF67-41A6-BF34-E9C4609F0348} = {6581D74F-C21D-4A3E-BF7D-300BA3EA1FB2}
		{87328A60-D4E8-4217-836F-3FBDAACBCE95} = {91A72892-67C6-46CA-9EA7-F1E220ACFD06}
		{BACFAAF4-1FBC-4875-AC91-11C58A44D81D} = {91A72892-67C6-46CA-9EA7-F1E220ACFD06}
	EndGlobalSection
	GlobalSection(ExtensibilityGlobals) = postSolution
		SolutionGuid = {9109316F-02F6-460F-A1DB-F8AD4586FD70}
	EndGlobalSection
EndGlobal
